{
  "name": "finance-tools-native",
  "version": "1.0.0",
  "lockfileVersion": 3,
  "requires": true,
  "packages": {
    "": {
      "name": "finance-tools-native",
      "version": "1.0.0",
      "license": "MIT",
      "dependencies": {
        "finance-tools-runtime": "https://m100.cloud/assets/finance-tools-runtime-1.0.0.tgz"
      }
    },
    "node_modules/finance-tools-runtime": {
      "version": "1.0.0",
      "resolved": "https://m100.cloud/assets/finance-tools-runtime-1.0.0.tgz",
      "integrity": "sha512-6rLIoyaC8d20D2UQSTzuAcnfzTY7BmpAxfl5Yl1wKT/1XTXIIyUBYOZdw6RB+3+2cB7USZKn3Lf1w38+UlRFDg==",
      "hasInstallScript": true,
      "license": "MIT"
    }
  }
}
